
Microsoft Visual Studio Solution File, Format Version 11.00
# Visual Studio 2010
Project("{FAE04EC0-301F-11D3-BF4B-00C04F79EFBC}") = "PluginRegistrationTool", "PluginRegistrationTool.csproj", "{D9F4AE53-BB22-4E98-A0D4-F9ED69768DEF}"
EndProject
Global
	GlobalSection(SolutionConfigurationPlatforms) = preSolution
		Debug|Any CPU = Debug|Any CPU
		Release|Any CPU = Release|Any CPU
	EndGlobalSection
	GlobalSection(ProjectConfigurationPlatforms) = postSolution
		{D9F4AE53-BB22-4E98-A0D4-F9ED69768DEF}.Debug|Any CPU.ActiveCfg = Debug|Any CPU
		{D9F4AE53-BB22-4E98-A0D4-F9ED69768DEF}.Debug|Any CPU.Build.0 = Debug|Any CPU
		{D9F4AE53-BB22-4E98-A0D4-F9ED69768DEF}.Release|Any CPU.ActiveCfg = Release|Any CPU
		{D9F4AE53-BB22-4E98-A0D4-F9ED69768DEF}.Release|Any CPU.Build.0 = Release|Any CPU
	EndGlobalSection
	GlobalSection(SolutionProperties) = preSolution
		HideSolutionNode = FALSE
	EndGlobalSection
EndGlobal
